{
  "version": 4,
  "terraform_version": "0.15.3",
  "serial": 3,
  "lineage": "48b2819a-1e9a-b291-2f73-7a1400b8144d",
  "outputs": {},
  "resources": [
    {
      "mode": "managed",
      "type": "aws_iam_policy",
      "name": "tf_try_out",
      "provider": "provider[\"registry.terraform.io/hashicorp/aws\"]",
      "instances": [
        {
          "schema_version": 0,
          "attributes": {
            "arn": "arn:aws:iam::278694812050:policy/tf_test_policy",
            "description": "My test policy",
            "id": "arn:aws:iam::278694812050:policy/tf_test_policy",
            "name": "tf_test_policy",
            "name_prefix": null,
            "path": "/",
            "policy": "{\"Statement\":[{\"Action\":[\"s3:Get*\",\"s3:List*\"],\"Effect\":\"Allow\",\"Resource\":\"*\"},{\"Action\":[\"glue:*\",\"lakeformation:GetDataAccess\"],\"Effect\":\"Allow\",\"Resource\":\"*\",\"Sid\":\"RedshiftPolicyForLF\"}],\"Version\":\"2012-10-17\"}",
            "policy_id": "ANPAUBY4BLGJMBIFZKFRW",
            "tags": {},
            "tags_all": {}
          },
          "sensitive_attributes": [],
          "private": "bnVsbA=="
        }
      ]
    }
  ]
}
